# Trinity Honeycomb Registry Lock
# Generated: 2026-03-17
# SHA256 content hashes for integrity verification
# Run `tri cell verify` to validate

trinity.hslm          559db43ccbe9880ed05a0d374fb1fe1ab9ea067edeb21cde32e4ea0f95f64cfd  src/hslm/cell.tri
trinity.arena         3fd12d964c6116d474036fcbd19609791182e777904dac7a61af89c6ced7e856  src/arena/cell.tri
trinity.sacred        eac45d5d921ece94e949e6b58241ceb73c3466338292436b3f4a8e8c4fc990d6  src/sacred/cell.tri
trinity.needle        a1b777df1ae4c9eae04fdb2904d96ad083c555ba90ee54ea9b6e6500db2b2dda  src/needle/cell.tri
trinity.quantum       a836f5c4573568058e169043c360d546d0c13814804593d5be64624c8c91cace  src/quantum/cell.tri
trinity.vibeec        931cab43af19c8c660f0b837726a5bf51412194bcb151fb6ca149d16877387af  src/vibeec/cell.tri
trinity.phi-engine    065516d8fcc8781924c364af68d474a80a0c12ba57059a04fa96d54754a30bc8  src/phi-engine/cell.tri
trinity.agent-mu      65a276fe3fb84263200f438c62492069ceee7891494c751ab13cbda048f3ab52  src/agent_mu/cell.tri
trinity.trinity-node  bfd957b0d11378807c88211b15ee09aa722ccffca8cabb3a1babb6e5686d68ab  src/trinity_node/cell.tri
trinity.consciousness 511fcb9a7b1d9cd5891e1f15686aa821a69ba36cf387bdd683c0491d258640a1  src/consciousness/cell.tri
trinity.tvc           348493a42155e2aa6473e35656abc507368df1a397d719124bb25c59cb949aa1  src/tvc/cell.tri
trinity.b2t           95e4ee6a7c7d905627f498885bc552edf187148e028ed004e00897eba45012e9  src/b2t/cell.tri
trinity.bsd           93e5fc748a9f7767d2b509318d615cf6917b3caa0583e3324899bc44a8f07555  src/bsd/cell.tri
trinity.firebird      c2d397cf347a67fc91f02255954b801b56da9e965ddfb1744995daeba1450f8e  src/firebird/cell.tri
trinity.fpga          d068e9835d77fc7680a7cc9d429ded8c2d9da0812553762db130244d0ceb7a61  fpga/openxc7-synth/cell.tri
trinity.queen-ui      db9f4f1d486fa297f204eb67262de4ce57dcb37250ed576970f841de7a532e6c  apps/queen/cell.tri
trinity.mcp           3125ea537b3e7f95f00cca5de1cb2d15b239546ab30ac7d5882fd819c6c44736  tools/mcp/trinity_mcp/cell.tri
