name: AX7203 Corona Decode MXFP4 BLOCK
# OCP MXFP4 block decode: 32 x E2M1 + shared E8M0 scale -> 32 scaled FP32.
# horizon B: wide 32-lane fan-out, routing on XC7A200T NOT yet witnessed.
# Uses the two levers that unlocked wide decoders: NO -nocarry (enables CARRY4)
# and --placer heap (fixes routing congestion), unlike the sa/-nocarry template.
on:
  workflow_dispatch:
  push:
    branches: [main]
    paths:
      - 'fpga/openxc7-synth/corona_decode_mxfp4_block_ax7203.v'
      - 'fpga/openxc7-synth/mxfp4_block_scale.v'
      - 'fpga/openxc7-synth/fp4_decode.v'
      - 'fpga/openxc7-synth/corona_decode_ax7203.xdc'
      - '.github/workflows/ax7203-corona-decode-mxfp4-block.yml'
jobs:
  bitstream:
    runs-on: ubuntu-latest
    timeout-minutes: 360
    steps:
      - uses: actions/checkout@v4
      - name: Docker pull regymm/openxc7 (retry on transient 5xx)
        run: |
          for i in 1 2 3 4 5 6; do
            docker pull regymm/openxc7:latest && break
            echo "::warning::docker pull attempt $i failed, sleeping $((i*20))s"; sleep $((i*20))
          done
          docker image inspect regymm/openxc7:latest >/dev/null 2>&1 || { echo "::error::docker pull failed after 6 retries"; exit 1; }
      - name: Yosys
        run: |
          mkdir -p build/corona_decode_mxfp4_block
          docker run --rm -v "$PWD:/work" -w /work regymm/openxc7 yosys -p "
            read_verilog fpga/openxc7-synth/corona_decode_mxfp4_block_ax7203.v fpga/openxc7-synth/mxfp4_block_scale.v fpga/openxc7-synth/fp4_decode.v;
            synth_xilinx -abc9 -arch xc7 -top corona_decode_mxfp4_block_ax7203;
            setundef -zero -params; write_json build/corona_decode_mxfp4_block/corona_decode_ax7203.json" 2>&1 | tee /tmp/yosys.log
          grep -E "Estimated|ERROR" /tmp/yosys.log
      - uses: actions/cache@v4
        id: chipdb
        with:
          path: build/corona_decode_mxfp4_block/chipdb/xc7a200tfbg484-2.bin
          key: chipdb-xc7a200tfbg484-2-regymm-${{ github.run_id }}
          restore-keys: chipdb-xc7a200tfbg484-2-regymm-
      - if: steps.chipdb.outputs.cache-hit != 'true'
        run: |
          mkdir -p build/corona_decode_mxfp4_block/chipdb
          docker run --rm -v "$PWD:/work" -w /work regymm/openxc7 bash -c "cd /nextpnr-xilinx && python3 xilinx/python/bbaexport.py --device xc7a200tfbg484-2 --bba /work/build/corona_decode_mxfp4_block/chipdb/xc7a200tfbg484-2.bba && bbasm -l /work/build/corona_decode_mxfp4_block/chipdb/xc7a200tfbg484-2.bba /work/build/corona_decode_mxfp4_block/chipdb/xc7a200tfbg484-2.bin"
      - name: nextpnr (heap placer, seed search)
        run: |
          CLEAN=0; for s in $(seq 1 12); do
            rm -f build/corona_decode_mxfp4_block/corona_decode_ax7203.fasm
            docker run --rm -v "$PWD:/work" -w /work regymm/openxc7 timeout --signal=KILL 1800 nextpnr-xilinx \
              --chipdb /work/build/corona_decode_mxfp4_block/chipdb/xc7a200tfbg484-2.bin \
              --xdc /work/fpga/openxc7-synth/corona_decode_ax7203.xdc \
              --json /work/build/corona_decode_mxfp4_block/corona_decode_ax7203.json \
              --write /work/build/corona_decode_mxfp4_block/corona_decode_ax7203_routed.json \
              --fasm /work/build/corona_decode_mxfp4_block/corona_decode_ax7203.fasm \
              --freq 50.0 --seed $s --placer heap --router router1 --timing-allow-fail > /tmp/np_$s.log 2>&1 || true
            if grep -q "Failed to find a route" /tmp/np_$s.log || [ ! -f build/corona_decode_mxfp4_block/corona_decode_ax7203.fasm ]; then continue; fi
            cp /tmp/np_$s.log /tmp/np.log; CLEAN=$s; break
          done; [ "$CLEAN" = "0" ] && { echo "::error::no clean seed (horizon B routing cliff -- expected until pipelined)"; exit 1; }; echo "seed=$CLEAN"
      - name: fasm2bit
        run: |
          docker run --rm -v "$PWD:/work" -w /work regymm/openxc7 bash -c "
            source /prjxray/env/bin/activate && fasm2frames --db-root /nextpnr-xilinx/xilinx/external/prjxray-db/artix7 --part xc7a200tfbg484-2 /work/build/corona_decode_mxfp4_block/corona_decode_ax7203.fasm /work/build/corona_decode_mxfp4_block/corona_decode_ax7203.frames && /prjxray/build/tools/xc7frames2bit --part_file /nextpnr-xilinx/xilinx/external/prjxray-db/artix7/xc7a200tfbg484-2/part.yaml --part_name xc7a200tfbg484-2 --frm_file /work/build/corona_decode_mxfp4_block/corona_decode_ax7203.frames --output_file /work/build/corona_decode_mxfp4_block/corona_decode_ax7203.bit"
      - uses: actions/upload-artifact@v4
        with: {name: corona-decode-mxfp4-block-bitstream, path: build/corona_decode_mxfp4_block/corona_decode_ax7203.bit}
